
Microsoft Visual Studio Solution File, Format Version 12.00
# Visual Studio Version 16
VisualStudioVersion = 16.0.30128.74
MinimumVisualStudioVersion = 10.0.40219.1
Project("{FAE04EC0-301F-11D3-BF4B-00C04F79EFBC}") = "Quanlytintuc", "Quanlytintuc.csproj", "{893D1C3E-E882-44FC-A65C-25FFC3033B6A}"
EndProject
Global
	GlobalSection(SolutionConfigurationPlatforms) = preSolution
		Debug|Any CPU = Debug|Any CPU
		Release|Any CPU = Release|Any CPU
	EndGlobalSection
	GlobalSection(ProjectConfigurationPlatforms) = postSolution
		{893D1C3E-E882-44FC-A65C-25FFC3033B6A}.Debug|Any CPU.ActiveCfg = Debug|Any CPU
		{893D1C3E-E882-44FC-A65C-25FFC3033B6A}.Debug|Any CPU.Build.0 = Debug|Any CPU
		{893D1C3E-E882-44FC-A65C-25FFC3033B6A}.Release|Any CPU.ActiveCfg = Release|Any CPU
		{893D1C3E-E882-44FC-A65C-25FFC3033B6A}.Release|Any CPU.Build.0 = Release|Any CPU
	EndGlobalSection
	GlobalSection(SolutionProperties) = preSolution
		HideSolutionNode = FALSE
	EndGlobalSection
	GlobalSection(ExtensibilityGlobals) = postSolution
		SolutionGuid = {4C615DD1-E3AE-42C8-9902-C0F277D3D9E7}
	EndGlobalSection
EndGlobal
